# This file is automatically @generated by Poetry 2.2.1 and should not be changed by hand.

[[package]]
name = "colorama"
version = "0.4.6"
description = "Cross-platform colored terminal text."
optional = false
python-versions = "!=3.0.*,!=3.1.*,!=3.2.*,!=3.3.*,!=3.4.*,!=3.5.*,!=3.6.*,>=2.7"
groups = ["dev"]
markers = "sys_platform == \"win32\""
files = [
    {file = "colorama-0.4.6-py2.py3-none-any.whl", hash = "sha256:4f1d9991f5acc0ca119f9d443620b77f9d6b33703e51011c16baf57afb285fc6"},
    {file = "colorama-0.4.6.tar.gz", hash = "sha256:08695f5cb7ed6e0531a20572697297273c47b8cae5a63ffc6d6ed5c201be6e44"},
]

[[package]]
name = "coverage"
version = "7.13.3"
description = "Code coverage measurement for Python"
optional = false
python-versions = ">=3.10"
groups = ["dev"]
files = [
    {file = "coverage-7.13.3-cp310-cp310-macosx_10_9_x86_64.whl", hash = "sha256:0b4f345f7265cdbdb5ec2521ffff15fa49de6d6c39abf89fc7ad68aa9e3a55f0"},
    {file = "coverage-7.13.3-cp310-cp310-macosx_11_0_arm64.whl", hash = "sha256:96c3be8bae9d0333e403cc1a8eb078a7f928b5650bae94a18fb4820cc993fb9b"},
    {file = "coverage-7.13.3-cp310-cp310-manylinux1_i686.manylinux_2_28_i686.manylinux_2_5_i686.whl", hash = "sha256:d6f4a21328ea49d38565b55599e1c02834e76583a6953e5586d65cb1efebd8f8"},
    {file = "coverage-7.13.3-cp310-cp310-manylinux1_x86_64.manylinux_2_28_x86_64.manylinux_2_5_x86_64.whl", hash = "sha256:fc970575799a9d17d5c3fafd83a0f6ccf5d5117cdc9ad6fbd791e9ead82418b0"},
    {file = "coverage-7.13.3-cp310-cp310-manylinux2014_aarch64.manylinux_2_17_aarch64.manylinux_2_28_aarch64.whl", hash = "sha256:87ff33b652b3556b05e204ae20793d1f872161b0fa5ec8a9ac76f8430e152ed6"},
    {file = "coverage-7.13.3-cp310-cp310-manylinux_2_31_riscv64.manylinux_2_39_riscv64.whl", hash = "sha256:7df8759ee57b9f3f7b66799b7660c282f4375bef620ade1686d6a7b03699e75f"},
    {file = "coverage-7.13.3-cp310-cp310-musllinux_1_2_aarch64.whl", hash = "sha256:f45c9bcb16bee25a798ccba8a2f6a1251b19de6a0d617bb365d7d2f386c4e20e"},
    {file = "coverage-7.13.3-cp310-cp310-musllinux_1_2_i686.whl", hash = "sha256:318b2e4753cbf611061e01b6cc81477e1cdfeb69c36c4a14e6595e674caadb56"},
    {file = "coverage-7.13.3-cp310-cp310-musllinux_1_2_riscv64.whl", hash = "sha256:24db3959de8ee394eeeca89ccb8ba25305c2da9a668dd44173394cbd5aa0777f"},
    {file = "coverage-7.13.3-cp310-cp310-musllinux_1_2_x86_64.whl", hash = "sha256:be14d0622125edef21b3a4d8cd2d138c4872bf6e38adc90fd92385e3312f406a"},
    {file = "coverage-7.13.3-cp310-cp310-win32.whl", hash = "sha256:53be4aab8ddef18beb6188f3a3fdbf4d1af2277d098d4e618be3a8e6c88e74be"},
    {file = "coverage-7.13.3-cp310-cp310-win_amd64.whl", hash = "sha256:bfeee64ad8b4aae3233abb77eb6b52b51b05fa89da9645518671b9939a78732b"},
    {file = "coverage-7.13.3-cp311-cp311-macosx_10_9_x86_64.whl", hash = "sha256:5907605ee20e126eeee2abe14aae137043c2c8af2fa9b38d2ab3b7a6b8137f73"},
    {file = "coverage-7.13.3-cp311-cp311-macosx_11_0_arm64.whl", hash = "sha256:a88705500988c8acad8b8fd86c2a933d3aa96bec1ddc4bc5cb256360db7bbd00"},
    {file = "coverage-7.13.3-cp311-cp311-manylinux1_i686.manylinux_2_28_i686.manylinux_2_5_i686.whl", hash = "sha256:7bbb5aa9016c4c29e3432e087aa29ebee3f8fda089cfbfb4e6d64bd292dcd1c2"},
    {file = "coverage-7.13.3-cp311-cp311-manylinux1_x86_64.manylinux_2_28_x86_64.manylinux_2_5_x86_64.whl", hash = "sha256:0c2be202a83dde768937a61cdc5d06bf9fb204048ca199d93479488e6247656c"},
    {file = "coverage-7.13.3-cp311-cp311-manylinux2014_aarch64.manylinux_2_17_aarch64.manylinux_2_28_aarch64.whl", hash = "sha256:0f45e32ef383ce56e0ca099b2e02fcdf7950be4b1b56afaab27b4ad790befe5b"},
    {file = "coverage-7.13.3-cp311-cp311-manylinux_2_31_riscv64.manylinux_2_39_riscv64.whl", hash = "sha256:6ed2e787249b922a93cd95c671cc9f4c9797a106e81b455c83a9ddb9d34590c0"},
    {file = "coverage-7.13.3-cp311-cp311-musllinux_1_2_aarch64.whl", hash = "sha256:05dd25b21afffe545e808265897c35f32d3e4437663923e0d256d9ab5031fb14"},
    {file = "coverage-7.13.3-cp311-cp311-musllinux_1_2_i686.whl", hash = "sha256:46d29926349b5c4f1ea4fca95e8c892835515f3600995a383fa9a923b5739ea4"},
    {file = "coverage-7.13.3-cp311-cp311-musllinux_1_2_riscv64.whl", hash = "sha256:fae6a21537519c2af00245e834e5bf2884699cc7c1055738fd0f9dc37a3644ad"},
    {file = "coverage-7.13.3-cp311-cp311-musllinux_1_2_x86_64.whl", hash = "sha256:c672d4e2f0575a4ca2bf2aa0c5ced5188220ab806c1bb6d7179f70a11a017222"},
    {file = "coverage-7.13.3-cp311-cp311-win32.whl", hash = "sha256:fcda51c918c7a13ad93b5f89a58d56e3a072c9e0ba5c231b0ed81404bf2648fb"},
    {file = "coverage-7.13.3-cp311-cp311-win_amd64.whl", hash = "sha256:d1a049b5c51b3b679928dd35e47c4a2235e0b6128b479a7596d0ef5b42fa6301"},
    {file = "coverage-7.13.3-cp311-cp311-win_arm64.whl", hash = "sha256:79f2670c7e772f4917895c3d89aad59e01f3dbe68a4ed2d0373b431fad1dcfba"},
    {file = "coverage-7.13.3-cp312-cp312-macosx_10_13_x86_64.whl", hash = "sha256:ed48b4170caa2c4420e0cd27dc977caaffc7eecc317355751df8373dddcef595"},
    {file = "coverage-7.13.3-cp312-cp312-macosx_11_0_arm64.whl", hash = "sha256:8f2adf4bcffbbec41f366f2e6dffb9d24e8172d16e91da5799c9b7ed6b5716e6"},
    {file = "coverage-7.13.3-cp312-cp312-manylinux1_i686.manylinux_2_28_i686.manylinux_2_5_i686.whl", hash = "sha256:01119735c690786b6966a1e9f098da4cd7ca9174c4cfe076d04e653105488395"},
    {file = "coverage-7.13.3-cp312-cp312-manylinux1_x86_64.manylinux_2_28_x86_64.manylinux_2_5_x86_64.whl", hash = "sha256:8bb09e83c603f152d855f666d70a71765ca8e67332e5829e62cb9466c176af23"},
    {file = "coverage-7.13.3-cp312-cp312-manylinux2014_aarch64.manylinux_2_17_aarch64.manylinux_2_28_aarch64.whl", hash = "sha256:b607a40cba795cfac6d130220d25962931ce101f2f478a29822b19755377fb34"},
    {file = "coverage-7.13.3-cp312-cp312-manylinux_2_31_riscv64.manylinux_2_39_riscv64.whl", hash = "sha256:44f14a62f5da2e9aedf9080e01d2cda61df39197d48e323538ec037336d68da8"},
    {file = "coverage-7.13.3-cp312-cp312-musllinux_1_2_aarch64.whl", hash = "sha256:debf29e0b157769843dff0981cc76f79e0ed04e36bb773c6cac5f6029054bd8a"},
    {file = "coverage-7.13.3-cp312-cp312-musllinux_1_2_i686.whl", hash = "sha256:824bb95cd71604031ae9a48edb91fd6effde669522f960375668ed21b36e3ec4"},
    {file = "coverage-7.13.3-cp312-cp312-musllinux_1_2_riscv64.whl", hash = "sha256:8f1010029a5b52dc427c8e2a8dbddb2303ddd180b806687d1acd1bb1d06649e7"},
    {file = "coverage-7.13.3-cp312-cp312-musllinux_1_2_x86_64.whl", hash = "sha256:cd5dee4fd7659d8306ffa79eeaaafd91fa30a302dac3af723b9b469e549247e0"},
    {file = "coverage-7.13.3-cp312-cp312-win32.whl", hash = "sha256:f7f153d0184d45f3873b3ad3ad22694fd73aadcb8cdbc4337ab4b41ea6b4dff1"},
    {file = "coverage-7.13.3-cp312-cp312-win_amd64.whl", hash = "sha256:03a6e5e1e50819d6d7436f5bc40c92ded7e484e400716886ac921e35c133149d"},
    {file = "coverage-7.13.3-cp312-cp312-win_arm64.whl", hash = "sha256:51c4c42c0e7d09a822b08b6cf79b3c4db8333fffde7450da946719ba0d45730f"},
    {file = "coverage-7.13.3-cp313-cp313-macosx_10_13_x86_64.whl", hash = "sha256:853c3d3c79ff0db65797aad79dee6be020efd218ac4510f15a205f1e8d13ce25"},
    {file = "coverage-7.13.3-cp313-cp313-macosx_11_0_arm64.whl", hash = "sha256:f75695e157c83d374f88dcc646a60cb94173304a9258b2e74ba5a66b7614a51a"},
    {file = "coverage-7.13.3-cp313-cp313-manylinux1_i686.manylinux_2_28_i686.manylinux_2_5_i686.whl", hash = "sha256:2d098709621d0819039f3f1e471ee554f55a0b2ac0d816883c765b14129b5627"},
    {file = "coverage-7.13.3-cp313-cp313-manylinux1_x86_64.manylinux_2_28_x86_64.manylinux_2_5_x86_64.whl", hash = "sha256:16d23d6579cf80a474ad160ca14d8b319abaa6db62759d6eef53b2fc979b58c8"},
    {file = "coverage-7.13.3-cp313-cp313-manylinux2014_aarch64.manylinux_2_17_aarch64.manylinux_2_28_aarch64.whl", hash = "sha256:00d34b29a59d2076e6f318b30a00a69bf63687e30cd882984ed444e753990cc1"},
    {file = "coverage-7.13.3-cp313-cp313-manylinux_2_31_riscv64.manylinux_2_39_riscv64.whl", hash = "sha256:ab6d72bffac9deb6e6cb0f61042e748de3f9f8e98afb0375a8e64b0b6e11746b"},
    {file = "coverage-7.13.3-cp313-cp313-musllinux_1_2_aarch64.whl", hash = "sha256:e129328ad1258e49cae0123a3b5fcb93d6c2fa90d540f0b4c7cdcdc019aaa3dc"},
    {file = "coverage-7.13.3-cp313-cp313-musllinux_1_2_i686.whl", hash = "sha256:2213a8d88ed35459bda71597599d4eec7c2ebad201c88f0bfc2c26fd9b0dd2ea"},
    {file = "coverage-7.13.3-cp313-cp313-musllinux_1_2_riscv64.whl", hash = "sha256:00dd3f02de6d5f5c9c3d95e3e036c3c2e2a669f8bf2d3ceb92505c4ce7838f67"},
    {file = "coverage-7.13.3-cp313-cp313-musllinux_1_2_x86_64.whl", hash = "sha256:f9bada7bc660d20b23d7d312ebe29e927b655cf414dadcdb6335a2075695bd86"},
    {file = "coverage-7.13.3-cp313-cp313-win32.whl", hash = "sha256:75b3c0300f3fa15809bd62d9ca8b170eb21fcf0100eb4b4154d6dc8b3a5bbd43"},
    {file = "coverage-7.13.3-cp313-cp313-win_amd64.whl", hash = "sha256:a2f7589c6132c44c53f6e705e1a6677e2b7821378c22f7703b2cf5388d0d4587"},
    {file = "coverage-7.13.3-cp313-cp313-win_arm64.whl", hash = "sha256:123ceaf2b9d8c614f01110f908a341e05b1b305d6b2ada98763b9a5a59756051"},
    {file = "coverage-7.13.3-cp313-cp313t-macosx_10_13_x86_64.whl", hash = "sha256:cc7fd0f726795420f3678ac82ff882c7fc33770bd0074463b5aef7293285ace9"},
    {file = "coverage-7.13.3-cp313-cp313t-macosx_11_0_arm64.whl", hash = "sha256:d358dc408edc28730aed5477a69338e444e62fba0b7e9e4a131c505fadad691e"},
    {file = "coverage-7.13.3-cp313-cp313t-manylinux1_i686.manylinux_2_28_i686.manylinux_2_5_i686.whl", hash = "sha256:5d67b9ed6f7b5527b209b24b3df9f2e5bf0198c1bbf99c6971b0e2dcb7e2a107"},
    {file = "coverage-7.13.3-cp313-cp313t-manylinux1_x86_64.manylinux_2_28_x86_64.manylinux_2_5_x86_64.whl", hash = "sha256:59224bfb2e9b37c1335ae35d00daa3a5b4e0b1a20f530be208fff1ecfa436f43"},
    {file = "coverage-7.13.3-cp313-cp313t-manylinux2014_aarch64.manylinux_2_17_aarch64.manylinux_2_28_aarch64.whl", hash = "sha256:ae9306b5299e31e31e0d3b908c66bcb6e7e3ddca143dea0266e9ce6c667346d3"},
    {file = "coverage-7.13.3-cp313-cp313t-manylinux_2_31_riscv64.manylinux_2_39_riscv64.whl", hash = "sha256:343aaeb5f8bb7bcd38620fd7bc56e6ee8207847d8c6103a1e7b72322d381ba4a"},
    {file = "coverage-7.13.3-cp313-cp313t-musllinux_1_2_aarch64.whl", hash = "sha256:b2182129f4c101272ff5f2f18038d7b698db1bf8e7aa9e615cb48440899ad32e"},
    {file = "coverage-7.13.3-cp313-cp313t-musllinux_1_2_i686.whl", hash = "sha256:94d2ac94bd0cc57c5626f52f8c2fffed1444b5ae8c9fc68320306cc2b255e155"},
    {file = "coverage-7.13.3-cp313-cp313t-musllinux_1_2_riscv64.whl", hash = "sha256:65436cde5ecabe26fb2f0bf598962f0a054d3f23ad529361326ac002c61a2a1e"},
    {file = "coverage-7.13.3-cp313-cp313t-musllinux_1_2_x86_64.whl", hash = "sha256:db83b77f97129813dbd463a67e5335adc6a6a91db652cc085d60c2d512746f96"},
    {file = "coverage-7.13.3-cp313-cp313t-win32.whl", hash = "sha256:dfb428e41377e6b9ba1b0a32df6db5409cb089a0ed1d0a672dc4953ec110d84f"},
    {file = "coverage-7.13.3-cp313-cp313t-win_amd64.whl", hash = "sha256:5badd7e596e6b0c89aa8ec6d37f4473e4357f982ce57f9a2942b0221cd9cf60c"},
    {file = "coverage-7.13.3-cp313-cp313t-win_arm64.whl", hash = "sha256:989aa158c0eb19d83c76c26f4ba00dbb272485c56e452010a3450bdbc9daafd9"},
    {file = "coverage-7.13.3-cp314-cp314-macosx_10_15_x86_64.whl", hash = "sha256:c6f6169bbdbdb85aab8ac0392d776948907267fcc91deeacf6f9d55f7a83ae3b"},
    {file = "coverage-7.13.3-cp314-cp314-macosx_11_0_arm64.whl", hash = "sha256:2f5e731627a3d5ef11a2a35aa0c6f7c435867c7ccbc391268eb4f2ca5dbdcc10"},
    {file = "coverage-7.13.3-cp314-cp314-manylinux1_i686.manylinux_2_28_i686.manylinux_2_5_i686.whl", hash = "sha256:9db3a3285d91c0b70fab9f39f0a4aa37d375873677efe4e71e58d8321e8c5d39"},
    {file = "coverage-7.13.3-cp314-cp314-manylinux1_x86_64.manylinux_2_28_x86_64.manylinux_2_5_x86_64.whl", hash = "sha256:06e49c5897cb12e3f7ecdc111d44e97c4f6d0557b81a7a0204ed70a8b038f86f"},
    {file = "coverage-7.13.3-cp314-cp314-manylinux2014_aarch64.manylinux_2_17_aarch64.manylinux_2_28_aarch64.whl", hash = "sha256:fb25061a66802df9fc13a9ba1967d25faa4dae0418db469264fd9860a921dde4"},
    {file = "coverage-7.13.3-cp314-cp314-manylinux_2_31_riscv64.manylinux_2_39_riscv64.whl", hash = "sha256:99fee45adbb1caeb914da16f70e557fb7ff6ddc9e4b14de665bd41af631367ef"},
    {file = "coverage-7.13.3-cp314-cp314-musllinux_1_2_aarch64.whl", hash = "sha256:318002f1fd819bdc1651c619268aa5bc853c35fa5cc6d1e8c96bd9cd6c828b75"},
    {file = "coverage-7.13.3-cp314-cp314-musllinux_1_2_i686.whl", hash = "sha256:71295f2d1d170b9977dc386d46a7a1b7cbb30e5405492529b4c930113a33f895"},
    {file = "coverage-7.13.3-cp314-cp314-musllinux_1_2_riscv64.whl", hash = "sha256:5b1ad2e0dc672625c44bc4fe34514602a9fd8b10d52ddc414dc585f74453516c"},
    {file = "coverage-7.13.3-cp314-cp314-musllinux_1_2_x86_64.whl", hash = "sha256:b2beb64c145593a50d90db5c7178f55daeae129123b0d265bdb3cbec83e5194a"},
    {file = "coverage-7.13.3-cp314-cp314-win32.whl", hash = "sha256:3d1aed4f4e837a832df2f3b4f68a690eede0de4560a2dbc214ea0bc55aabcdb4"},
    {file = "coverage-7.13.3-cp314-cp314-win_amd64.whl", hash = "sha256:9f9efbbaf79f935d5fbe3ad814825cbce4f6cdb3054384cb49f0c0f496125fa0"},
    {file = "coverage-7.13.3-cp314-cp314-win_arm64.whl", hash = "sha256:31b6e889c53d4e6687ca63706148049494aace140cffece1c4dc6acadb70a7b3"},
    {file = "coverage-7.13.3-cp314-cp314t-macosx_10_15_x86_64.whl", hash = "sha256:c5e9787cec750793a19a28df7edd85ac4e49d3fb91721afcdc3b86f6c08d9aa8"},
    {file = "coverage-7.13.3-cp314-cp314t-macosx_11_0_arm64.whl", hash = "sha256:e5b86db331c682fd0e4be7098e6acee5e8a293f824d41487c667a93705d415ca"},
    {file = "coverage-7.13.3-cp314-cp314t-manylinux1_i686.manylinux_2_28_i686.manylinux_2_5_i686.whl", hash = "sha256:edc7754932682d52cf6e7a71806e529ecd5ce660e630e8bd1d37109a2e5f63ba"},
    {file = "coverage-7.13.3-cp314-cp314t-manylinux1_x86_64.manylinux_2_28_x86_64.manylinux_2_5_x86_64.whl", hash = "sha256:d3a16d6398666510a6886f67f43d9537bfd0e13aca299688a19daa84f543122f"},
    {file = "coverage-7.13.3-cp314-cp314t-manylinux2014_aarch64.manylinux_2_17_aarch64.manylinux_2_28_aarch64.whl", hash = "sha256:303d38b19626c1981e1bb067a9928236d88eb0e4479b18a74812f05a82071508"},
    {file = "coverage-7.13.3-cp314-cp314t-manylinux_2_31_riscv64.manylinux_2_39_riscv64.whl", hash = "sha256:284e06eadfe15ddfee2f4ee56631f164ef897a7d7d5a15bca5f0bb88889fc5ba"},
    {file = "coverage-7.13.3-cp314-cp314t-musllinux_1_2_aarch64.whl", hash = "sha256:d401f0864a1d3198422816878e4e84ca89ec1c1bf166ecc0ae01380a39b888cd"},
    {file = "coverage-7.13.3-cp314-cp314t-musllinux_1_2_i686.whl", hash = "sha256:3f379b02c18a64de78c4ccdddf1c81c2c5ae1956c72dacb9133d7dd7809794ab"},
    {file = "coverage-7.13.3-cp314-cp314t-musllinux_1_2_riscv64.whl", hash = "sha256:7a482f2da9086971efb12daca1d6547007ede3674ea06e16d7663414445c683e"},
    {file = "coverage-7.13.3-cp314-cp314t-musllinux_1_2_x86_64.whl", hash = "sha256:562136b0d401992118d9b49fbee5454e16f95f85b120a4226a04d816e33fe024"},
    {file = "coverage-7.13.3-cp314-cp314t-win32.whl", hash = "sha256:ca46e5c3be3b195098dd88711890b8011a9fa4feca942292bb84714ce5eab5d3"},
    {file = "coverage-7.13.3-cp314-cp314t-win_amd64.whl", hash = "sha256:06d316dbb3d9fd44cca05b2dbcfbef22948493d63a1f28e828d43e6cc505fed8"},
    {file = "coverage-7.13.3-cp314-cp314t-win_arm64.whl", hash = "sha256:299d66e9218193f9dc6e4880629ed7c4cd23486005166247c283fb98531656c3"},
    {file = "coverage-7.13.3-py3-none-any.whl", hash = "sha256:90a8af9dba6429b2573199622d72e0ebf024d6276f16abce394ad4d181bb0910"},
    {file = "coverage-7.13.3.tar.gz", hash = "sha256:f7f6182d3dfb8802c1747eacbfe611b669455b69b7c037484bb1efbbb56711ac"},
]

[package.dependencies]
tomli = {version = "*", optional = true, markers = "python_full_version <= \"3.11.0a6\" and extra == \"toml\""}

[package.extras]
toml = ["tomli ; python_full_version <= \"3.11.0a6\""]

[[package]]
name = "exceptiongroup"
version = "1.3.1"
description = "Backport of PEP 654 (exception groups)"
optional = false
python-versions = ">=3.7"
groups = ["dev"]
markers = "python_version == \"3.10\""
files = [
    {file = "exceptiongroup-1.3.1-py3-none-any.whl", hash = "sha256:a7a39a3bd276781e98394987d3a5701d0c4edffb633bb7a5144577f82c773598"},
    {file = "exceptiongroup-1.3.1.tar.gz", hash = "sha256:8b412432c6055b0b7d14c310000ae93352ed6754f70fa8f7c34141f91c4e3219"},
]

[package.dependencies]
typing-extensions = {version = ">=4.6.0", markers = "python_version < \"3.13\""}

[package.extras]
test = ["pytest (>=6)"]

[[package]]
name = "iniconfig"
version = "2.3.0"
description = "brain-dead simple config-ini parsing"
optional = false
python-versions = ">=3.10"
groups = ["dev"]
files = [
    {file = "iniconfig-2.3.0-py3-none-any.whl", hash = "sha256:f631c04d2c48c52b84d0d0549c99ff3859c98df65b3101406327ecc7d53fbf12"},
    {file = "iniconfig-2.3.0.tar.gz", hash = "sha256:c76315c77db068650d49c5b56314774a7804df16fee4402c1f19d6d15d8c4730"},
]

[[package]]
name = "packaging"
version = "26.0"
description = "Core utilities for Python packages"
optional = false
python-versions = ">=3.8"
groups = ["dev"]
files = [
    {file = "packaging-26.0-py3-none-any.whl", hash = "sha256:b36f1fef9334a5588b4166f8bcd26a14e521f2b55e6b9de3aaa80d3ff7a37529"},
    {file = "packaging-26.0.tar.gz", hash = "sha256:00243ae351a257117b6a241061796684b084ed1c516a08c48a3f7e147a9d80b4"},
]

[[package]]
name = "pluggy"
version = "1.6.0"
description = "plugin and hook calling mechanisms for python"
optional = false
python-versions = ">=3.9"
groups = ["dev"]
files = [
    {file = "pluggy-1.6.0-py3-none-any.whl", hash = "sha256:e920276dd6813095e9377c0bc5566d94c932c33b27a3e3945d8389c374dd4746"},
    {file = "pluggy-1.6.0.tar.gz", hash = "sha256:7dcc130b76258d33b90f61b658791dede3486c3e6bfb003ee5c9bfb396dd22f3"},
]

[package.extras]
dev = ["pre-commit", "tox"]
testing = ["coverage", "pytest", "pytest-benchmark"]

[[package]]
name = "prompt-toolkit"
version = "3.0.52"
description = "Library for building powerful interactive command lines in Python"
optional = false
python-versions = ">=3.8"
groups = ["main"]
files = [
    {file = "prompt_toolkit-3.0.52-py3-none-any.whl", hash = "sha256:9aac639a3bbd33284347de5ad8d68ecc044b91a762dc39b7c21095fcd6a19955"},
    {file = "prompt_toolkit-3.0.52.tar.gz", hash = "sha256:28cde192929c8e7321de85de1ddbe736f1375148b02f2e17edd840042b1be855"},
]

[package.dependencies]
wcwidth = "*"

[[package]]
name = "pygments"
version = "2.19.2"
description = "Pygments is a syntax highlighting package written in Python."
optional = false
python-versions = ">=3.8"
groups = ["dev"]
files = [
    {file = "pygments-2.19.2-py3-none-any.whl", hash = "sha256:86540386c03d588bb81d44bc3928634ff26449851e99741617ecb9037ee5ec0b"},
    {file = "pygments-2.19.2.tar.gz", hash = "sha256:636cb2477cec7f8952536970bc533bc43743542f70392ae026374600add5b887"},
]

[package.extras]
windows-terminal = ["colorama (>=0.4.6)"]

[[package]]
name = "pytest"
version = "9.0.2"
description = "pytest: simple powerful testing with Python"
optional = false
python-versions = ">=3.10"
groups = ["dev"]
files = [
    {file = "pytest-9.0.2-py3-none-any.whl", hash = "sha256:711ffd45bf766d5264d487b917733b453d917afd2b0ad65223959f59089f875b"},
    {file = "pytest-9.0.2.tar.gz", hash = "sha256:75186651a92bd89611d1d9fc20f0b4345fd827c41ccd5c299a868a05d70edf11"},
]

[package.dependencies]
colorama = {version = ">=0.4", markers = "sys_platform == \"win32\""}
exceptiongroup = {version = ">=1", markers = "python_version < \"3.11\""}
iniconfig = ">=1.0.1"
packaging = ">=22"
pluggy = ">=1.5,<2"
pygments = ">=2.7.2"
tomli = {version = ">=1", markers = "python_version < \"3.11\""}

[package.extras]
dev = ["argcomplete", "attrs (>=19.2)", "hypothesis (>=3.56)", "mock", "requests", "setuptools", "xmlschema"]

[[package]]
name = "pytest-cov"
version = "7.0.0"
description = "Pytest plugin for measuring coverage."
optional = false
python-versions = ">=3.9"
groups = ["dev"]
files = [
    {file = "pytest_cov-7.0.0-py3-none-any.whl", hash = "sha256:3b8e9558b16cc1479da72058bdecf8073661c7f57f7d3c5f22a1c23507f2d861"},
    {file = "pytest_cov-7.0.0.tar.gz", hash = "sha256:33c97eda2e049a0c5298e91f519302a1334c26ac65c1a483d6206fd458361af1"},
]

[package.dependencies]
coverage = {version = ">=7.10.6", extras = ["toml"]}
pluggy = ">=1.2"
pytest = ">=7"

[package.extras]
testing = ["process-tests", "pytest-xdist", "virtualenv"]

[[package]]
name = "setuptools"
version = "80.10.2"
description = "Easily download, build, install, upgrade, and uninstall Python packages"
optional = false
python-versions = ">=3.9"
groups = ["main"]
files = [
    {file = "setuptools-80.10.2-py3-none-any.whl", hash = "sha256:95b30ddfb717250edb492926c92b5221f7ef3fbcc2b07579bcd4a27da21d0173"},
    {file = "setuptools-80.10.2.tar.gz", hash = "sha256:8b0e9d10c784bf7d262c4e5ec5d4ec94127ce206e8738f29a437945fbc219b70"},
]

[package.extras]
check = ["pytest-checkdocs (>=2.4)", "pytest-ruff (>=0.2.1) ; sys_platform != \"cygwin\"", "ruff (>=0.8.0) ; sys_platform != \"cygwin\""]
core = ["importlib_metadata (>=6) ; python_version < \"3.10\"", "jaraco.functools (>=4)", "jaraco.text (>=3.7)", "more_itertools", "more_itertools (>=8.8)", "packaging (>=24.2)", "platformdirs (>=4.2.2)", "tomli (>=2.0.1) ; python_version < \"3.11\"", "wheel (>=0.43.0)"]
cover = ["pytest-cov"]
doc = ["furo", "jaraco.packaging (>=9.3)", "jaraco.tidelift (>=1.4)", "pygments-github-lexers (==0.0.5)", "pyproject-hooks (!=1.1)", "rst.linker (>=1.9)", "sphinx (>=3.5)", "sphinx-favicon", "sphinx-inline-tabs", "sphinx-lint", "sphinx-notfound-page (>=1,<2)", "sphinx-reredirects", "sphinxcontrib-towncrier", "towncrier (<24.7)"]
enabler = ["pytest-enabler (>=2.2)"]
test = ["build[virtualenv] (>=1.0.3)", "filelock (>=3.4.0)", "ini2toml[lite] (>=0.14)", "jaraco.develop (>=7.21) ; python_version >= \"3.9\" and sys_platform != \"cygwin\"", "jaraco.envs (>=2.2)", "jaraco.path (>=3.7.2)", "jaraco.test (>=5.5)", "packaging (>=24.2)", "pip (>=19.1)", "pyproject-hooks (!=1.1)", "pytest (>=6,!=8.1.*)", "pytest-home (>=0.5)", "pytest-perf ; sys_platform != \"cygwin\"", "pytest-subprocess", "pytest-timeout", "pytest-xdist (>=3)", "tomli-w (>=1.0.0)", "virtualenv (>=13.0.0)", "wheel (>=0.44.0)"]
type = ["importlib_metadata (>=7.0.2) ; python_version < \"3.10\"", "jaraco.develop (>=7.21) ; sys_platform != \"cygwin\"", "mypy (==1.14.*)", "pytest-mypy"]

[[package]]
name = "tomli"
version = "2.4.0"
description = "A lil' TOML parser"
optional = false
python-versions = ">=3.8"
groups = ["main", "dev"]
files = [
    {file = "tomli-2.4.0-cp311-cp311-macosx_10_9_x86_64.whl", hash = "sha256:b5ef256a3fd497d4973c11bf142e9ed78b150d36f5773f1ca6088c230ffc5867"},
    {file = "tomli-2.4.0-cp311-cp311-macosx_11_0_arm64.whl", hash = "sha256:5572e41282d5268eb09a697c89a7bee84fae66511f87533a6f88bd2f7b652da9"},
    {file = "tomli-2.4.0-cp311-cp311-manylinux2014_aarch64.manylinux_2_17_aarch64.manylinux_2_28_aarch64.whl", hash = "sha256:551e321c6ba03b55676970b47cb1b73f14a0a4dce6a3e1a9458fd6d921d72e95"},
    {file = "tomli-2.4.0-cp311-cp311-manylinux2014_x86_64.manylinux_2_17_x86_64.manylinux_2_28_x86_64.whl", hash = "sha256:5e3f639a7a8f10069d0e15408c0b96a2a828cfdec6fca05296ebcdcc28ca7c76"},
    {file = "tomli-2.4.0-cp311-cp311-musllinux_1_2_aarch64.whl", hash = "sha256:1b168f2731796b045128c45982d3a4874057626da0e2ef1fdd722848b741361d"},
    {file = "tomli-2.4.0-cp311-cp311-musllinux_1_2_x86_64.whl", hash = "sha256:133e93646ec4300d651839d382d63edff11d8978be23da4cc106f5a18b7d0576"},
    {file = "tomli-2.4.0-cp311-cp311-win32.whl", hash = "sha256:b6c78bdf37764092d369722d9946cb65b8767bfa4110f902a1b2542d8d173c8a"},
    {file = "tomli-2.4.0-cp311-cp311-win_amd64.whl", hash = "sha256:d3d1654e11d724760cdb37a3d7691f0be9db5fbdaef59c9f532aabf87006dbaa"},
    {file = "tomli-2.4.0-cp311-cp311-win_arm64.whl", hash = "sha256:cae9c19ed12d4e8f3ebf46d1a75090e4c0dc16271c5bce1c833ac168f08fb614"},
    {file = "tomli-2.4.0-cp312-cp312-macosx_10_13_x86_64.whl", hash = "sha256:920b1de295e72887bafa3ad9f7a792f811847d57ea6b1215154030cf131f16b1"},
    {file = "tomli-2.4.0-cp312-cp312-macosx_11_0_arm64.whl", hash = "sha256:7d6d9a4aee98fac3eab4952ad1d73aee87359452d1c086b5ceb43ed02ddb16b8"},
    {file = "tomli-2.4.0-cp312-cp312-manylinux2014_aarch64.manylinux_2_17_aarch64.manylinux_2_28_aarch64.whl", hash = "sha256:36b9d05b51e65b254ea6c2585b59d2c4cb91c8a3d91d0ed0f17591a29aaea54a"},
    {file = "tomli-2.4.0-cp312-cp312-manylinux2014_x86_64.manylinux_2_17_x86_64.manylinux_2_28_x86_64.whl", hash = "sha256:1c8a885b370751837c029ef9bc014f27d80840e48bac415f3412e6593bbc18c1"},
    {file = "tomli-2.4.0-cp312-cp312-musllinux_1_2_aarch64.whl", hash = "sha256:8768715ffc41f0008abe25d808c20c3d990f42b6e2e58305d5da280ae7d1fa3b"},
    {file = "tomli-2.4.0-cp312-cp312-musllinux_1_2_x86_64.whl", hash = "sha256:7b438885858efd5be02a9a133caf5812b8776ee0c969fea02c45e8e3f296ba51"},
    {file = "tomli-2.4.0-cp312-cp312-win32.whl", hash = "sha256:0408e3de5ec77cc7f81960c362543cbbd91ef883e3138e81b729fc3eea5b9729"},
    {file = "tomli-2.4.0-cp312-cp312-win_amd64.whl", hash = "sha256:685306e2cc7da35be4ee914fd34ab801a6acacb061b6a7abca922aaf9ad368da"},
    {file = "tomli-2.4.0-cp312-cp312-win_arm64.whl", hash = "sha256:5aa48d7c2356055feef06a43611fc401a07337d5b006be13a30f6c58f869e3c3"},
    {file = "tomli-2.4.0-cp313-cp313-macosx_10_13_x86_64.whl", hash = "sha256:84d081fbc252d1b6a982e1870660e7330fb8f90f676f6e78b052ad4e64714bf0"},
    {file = "tomli-2.4.0-cp313-cp313-macosx_11_0_arm64.whl", hash = "sha256:9a08144fa4cba33db5255f9b74f0b89888622109bd2776148f2597447f92a94e"},
    {file = "tomli-2.4.0-cp313-cp313-manylinux2014_aarch64.manylinux_2_17_aarch64.manylinux_2_28_aarch64.whl", hash = "sha256:c73add4bb52a206fd0c0723432db123c0c75c280cbd67174dd9d2db228ebb1b4"},
    {file = "tomli-2.4.0-cp313-cp313-manylinux2014_x86_64.manylinux_2_17_x86_64.manylinux_2_28_x86_64.whl", hash = "sha256:1fb2945cbe303b1419e2706e711b7113da57b7db31ee378d08712d678a34e51e"},
    {file = "tomli-2.4.0-cp313-cp313-musllinux_1_2_aarch64.whl", hash = "sha256:bbb1b10aa643d973366dc2cb1ad94f99c1726a02343d43cbc011edbfac579e7c"},
    {file = "tomli-2.4.0-cp313-cp313-musllinux_1_2_x86_64.whl", hash = "sha256:4cbcb367d44a1f0c2be408758b43e1ffb5308abe0ea222897d6bfc8e8281ef2f"},
    {file = "tomli-2.4.0-cp313-cp313-win32.whl", hash = "sha256:7d49c66a7d5e56ac959cb6fc583aff0651094ec071ba9ad43df785abc2320d86"},
    {file = "tomli-2.4.0-cp313-cp313-win_amd64.whl", hash = "sha256:3cf226acb51d8f1c394c1b310e0e0e61fecdd7adcb78d01e294ac297dd2e7f87"},
    {file = "tomli-2.4.0-cp313-cp313-win_arm64.whl", hash = "sha256:d20b797a5c1ad80c516e41bc1fb0443ddb5006e9aaa7bda2d71978346aeb9132"},
    {file = "tomli-2.4.0-cp314-cp314-macosx_10_15_x86_64.whl", hash = "sha256:26ab906a1eb794cd4e103691daa23d95c6919cc2fa9160000ac02370cc9dd3f6"},
    {file = "tomli-2.4.0-cp314-cp314-macosx_11_0_arm64.whl", hash = "sha256:20cedb4ee43278bc4f2fee6cb50daec836959aadaf948db5172e776dd3d993fc"},
    {file = "tomli-2.4.0-cp314-cp314-manylinux2014_aarch64.manylinux_2_17_aarch64.manylinux_2_28_aarch64.whl", hash = "sha256:39b0b5d1b6dd03684b3fb276407ebed7090bbec989fa55838c98560c01113b66"},
    {file = "tomli-2.4.0-cp314-cp314-manylinux2014_x86_64.manylinux_2_17_x86_64.manylinux_2_28_x86_64.whl", hash = "sha256:a26d7ff68dfdb9f87a016ecfd1e1c2bacbe3108f4e0f8bcd2228ef9a766c787d"},
    {file = "tomli-2.4.0-cp314-cp314-musllinux_1_2_aarch64.whl", hash = "sha256:20ffd184fb1df76a66e34bd1b36b4a4641bd2b82954befa32fe8163e79f1a702"},
    {file = "tomli-2.4.0-cp314-cp314-musllinux_1_2_x86_64.whl", hash = "sha256:75c2f8bbddf170e8effc98f5e9084a8751f8174ea6ccf4fca5398436e0320bc8"},
    {file = "tomli-2.4.0-cp314-cp314-win32.whl", hash = "sha256:31d556d079d72db7c584c0627ff3a24c5d3fb4f730221d3444f3efb1b2514776"},
    {file = "tomli-2.4.0-cp314-cp314-win_amd64.whl", hash = "sha256:43e685b9b2341681907759cf3a04e14d7104b3580f808cfde1dfdb60ada85475"},
    {file = "tomli-2.4.0-cp314-cp314-win_arm64.whl", hash = "sha256:3d895d56bd3f82ddd6faaff993c275efc2ff38e52322ea264122d72729dca2b2"},
    {file = "tomli-2.4.0-cp314-cp314t-macosx_10_15_x86_64.whl", hash = "sha256:5b5807f3999fb66776dbce568cc9a828544244a8eb84b84b9bafc080c99597b9"},
    {file = "tomli-2.4.0-cp314-cp314t-macosx_11_0_arm64.whl", hash = "sha256:c084ad935abe686bd9c898e62a02a19abfc9760b5a79bc29644463eaf2840cb0"},
    {file = "tomli-2.4.0-cp314-cp314t-manylinux2014_aarch64.manylinux_2_17_aarch64.manylinux_2_28_aarch64.whl", hash = "sha256:0f2e3955efea4d1cfbcb87bc321e00dc08d2bcb737fd1d5e398af111d86db5df"},
    {file = "tomli-2.4.0-cp314-cp314t-manylinux2014_x86_64.manylinux_2_17_x86_64.manylinux_2_28_x86_64.whl", hash = "sha256:0e0fe8a0b8312acf3a88077a0802565cb09ee34107813bba1c7cd591fa6cfc8d"},
    {file = "tomli-2.4.0-cp314-cp314t-musllinux_1_2_aarch64.whl", hash = "sha256:413540dce94673591859c4c6f794dfeaa845e98bf35d72ed59636f869ef9f86f"},
    {file = "tomli-2.4.0-cp314-cp314t-musllinux_1_2_x86_64.whl", hash = "sha256:0dc56fef0e2c1c470aeac5b6ca8cc7b640bb93e92d9803ddaf9ea03e198f5b0b"},
    {file = "tomli-2.4.0-cp314-cp314t-win32.whl", hash = "sha256:d878f2a6707cc9d53a1be1414bbb419e629c3d6e67f69230217bb663e76b5087"},
    {file = "tomli-2.4.0-cp314-cp314t-win_amd64.whl", hash = "sha256:2add28aacc7425117ff6364fe9e06a183bb0251b03f986df0e78e974047571fd"},
    {file = "tomli-2.4.0-cp314-cp314t-win_arm64.whl", hash = "sha256:2b1e3b80e1d5e52e40e9b924ec43d81570f0e7d09d11081b797bc4692765a3d4"},
    {file = "tomli-2.4.0-py3-none-any.whl", hash = "sha256:1f776e7d669ebceb01dee46484485f43a4048746235e683bcdffacdf1fb4785a"},
    {file = "tomli-2.4.0.tar.gz", hash = "sha256:aa89c3f6c277dd275d8e243ad24f3b5e701491a860d5121f2cdd399fbb31fc9c"},
]

[[package]]
name = "typing-extensions"
version = "4.15.0"
description = "Backported and Experimental Type Hints for Python 3.9+"
optional = false
python-versions = ">=3.9"
groups = ["dev"]
markers = "python_version == \"3.10\""
files = [
    {file = "typing_extensions-4.15.0-py3-none-any.whl", hash = "sha256:f0fa19c6845758ab08074a0cfa8b7aecb71c999ca73d62883bc25cc018c4e548"},
    {file = "typing_extensions-4.15.0.tar.gz", hash = "sha256:0cea48d173cc12fa28ecabc3b837ea3cf6f38c6d1136f85cbaaf598984861466"},
]

[[package]]
name = "wcwidth"
version = "0.5.3"
description = "Measures the displayed width of unicode strings in a terminal"
optional = false
python-versions = ">=3.8"
groups = ["main"]
files = [
    {file = "wcwidth-0.5.3-py3-none-any.whl", hash = "sha256:d584eff31cd4753e1e5ff6c12e1edfdb324c995713f75d26c29807bb84bf649e"},
    {file = "wcwidth-0.5.3.tar.gz", hash = "sha256:53123b7af053c74e9fe2e92ac810301f6139e64379031f7124574212fb3b4091"},
]

[metadata]
lock-version = "2.1"
python-versions = ">=3.10"
content-hash = "79819d8e56c1d72e3fd2b14c992f8f868caa4e91eb12a42462cf544b0e8ff290"
